
Microsoft Visual Studio Solution File, Format Version 12.00
# Visual Studio Version 17
VisualStudioVersion = 17.7.34024.191
MinimumVisualStudioVersion = 10.0.40219.1
Project("{FAE04EC0-301F-11D3-BF4B-00C04F79EFBC}") = "Laba33", "Laba33\Laba33.csproj", "{53E9F7D0-CAE5-472F-B19A-501E0D996B54}"
EndProject
Global
	GlobalSection(SolutionConfigurationPlatforms) = preSolution
		Debug|Any CPU = Debug|Any CPU
		Release|Any CPU = Release|Any CPU
	EndGlobalSection
	GlobalSection(ProjectConfigurationPlatforms) = postSolution
		{53E9F7D0-CAE5-472F-B19A-501E0D996B54}.Debug|Any CPU.ActiveCfg = Debug|Any CPU
		{53E9F7D0-CAE5-472F-B19A-501E0D996B54}.Debug|Any CPU.Build.0 = Debug|Any CPU
		{53E9F7D0-CAE5-472F-B19A-501E0D996B54}.Release|Any CPU.ActiveCfg = Release|Any CPU
		{53E9F7D0-CAE5-472F-B19A-501E0D996B54}.Release|Any CPU.Build.0 = Release|Any CPU
	EndGlobalSection
	GlobalSection(SolutionProperties) = preSolution
		HideSolutionNode = FALSE
	EndGlobalSection
	GlobalSection(ExtensibilityGlobals) = postSolution
		SolutionGuid = {EC531448-BFDB-4AF4-9B46-C91F0F6152F8}
	EndGlobalSection
EndGlobal
